// !$*UTF8*$!
{
	archiveVersion = 1;
	classes = {
	};
	objectVersion = 77;
	objects = {

/* Begin PBXContainerItemProxy section */
		087D65532DBEF63700A915F6 /* PBXContainerItemProxy */ = {
			isa = PBXContainerItemProxy;
			containerPortal = 087D653D2DBEF63400A915F6 /* Project object */;
			proxyType = 1;
			remoteGlobalIDString = 087D65442DBEF63400A915F6;
			remoteInfo = LoginExcerise;
		};
		087D655D2DBEF63700A915F6 /* PBXContainerItemProxy */ = {
			isa = PBXContainerItemProxy;
			containerPortal = 087D653D2DBEF63400A915F6 /* Project object */;
			proxyType = 1;
			remoteGlobalIDString = 087D65442DBEF63400A915F6;
			remoteInfo = LoginExcerise;
		};
/* End PBXContainerItemProxy section */

/* Begin PBXFileReference section */
		087D65452DBEF63400A915F6 /* LoginExcerise.app */ = {isa = PBXFileReference; explicitFileType = wrapper.application; includeInIndex = 0; path = LoginExcerise.app; sourceTree = BUILT_PRODUCTS_DIR; };
		087D65522DBEF63700A915F6 /* LoginExceriseTests.xctest */ = {isa = PBXFileReference; explicitFileType = wrapper.cfbundle; includeInIndex = 0; path = LoginExceriseTests.xctest; sourceTree = BUILT_PRODUCTS_DIR; };
		087D655C2DBEF63700A915F6 /* LoginExceriseUITests.xctest */ = {isa = PBXFileReference; explicitFileType = wrapper.cfbundle; includeInIndex = 0; path = LoginExceriseUITests.xctest; sourceTree = BUILT_PRODUCTS_DIR; };
/* End PBXFileReference section */

/* Begin PBXFileSystemSynchronizedRootGroup section */
		087D65472DBEF63400A915F6 /* LoginExcerise */ = {
			isa = PBXFileSystemSynchronizedRootGroup;
			path = LoginExcerise;
			sourceTree = "<group>";
		};
		087D65552DBEF63700A915F6 /* LoginExceriseTests */ = {
			isa = PBXFileSystemSynchronizedRootGroup;
			path = LoginExceriseTests;
			sourceTree = "<group>";
		};
		087D655F2DBEF63700A915F6 /* LoginExceriseUITests */ = {
			isa = PBXFileSystemSynchronizedRootGroup;
			path = LoginExceriseUITests;
			sourceTree = "<group>";
		};
/* End PBXFileSystemSynchronizedRootGroup section */

/* Begin PBXFrameworksBuildPhase section */
		087D65422DBEF63400A915F6 /* Frameworks */ = {
			isa = PBXFrameworksBuildPhase;
			buildActionMask = 2147483647;
			files = (
			);
			runOnlyForDeploymentPostprocessing = 0;
		};
		087D654F2DBEF63700A915F6 /* Frameworks */ = {
			isa = PBXFrameworksBuildPhase;
			buildActionMask = 2147483647;
			files = (
			);
			runOnlyForDeploymentPostprocessing = 0;
		};
		087D65592DBEF63700A915F6 /* Frameworks */ = {
			isa = PBXFrameworksBuildPhase;
			buildActionMask = 2147483647;
			files = (
			);
			runOnlyForDeploymentPostprocessing = 0;
		};
/* End PBXFrameworksBuildPhase section */

/* Begin PBXGroup section */
		087D653C2DBEF63400A915F6 = {
			isa = PBXGroup;
			children = (
				087D65472DBEF63400A915F6 /* LoginExcerise */,
				087D65552DBEF63700A915F6 /* LoginExceriseTests */,
				087D655F2DBEF63700A915F6 /* LoginExceriseUITests */,
				087D65462DBEF63400A915F6 /* Products */,
			);
			sourceTree = "<group>";
		};
		087D65462DBEF63400A915F6 /* Products */ = {
			isa = PBXGroup;
			children = (
				087D65452DBEF63400A915F6 /* LoginExcerise.app */,
				087D65522DBEF63700A915F6 /* LoginExceriseTests.xctest */,
				087D655C2DBEF63700A915F6 /* LoginExceriseUITests.xctest */,
			);
			name = Products;
			sourceTree = "<group>";
		};
/* End PBXGroup section */

/* Begin PBXNativeTarget section */
		087D65442DBEF63400A915F6 /* LoginExcerise */ = {
			isa = PBXNativeTarget;
			buildConfigurationList = 087D65662DBEF63700A915F6 /* Build configuration list for PBXNativeTarget "LoginExcerise" */;
			buildPhases = (
				087D65412DBEF63400A915F6 /* Sources */,
				087D65422DBEF63400A915F6 /* Frameworks */,
				087D65432DBEF63400A915F6 /* Resources */,
			);
			buildRules = (
			);
			dependencies = (
			);
			fileSystemSynchronizedGroups = (
				087D65472DBEF63400A915F6 /* LoginExcerise */,
			);
			name = LoginExcerise;
			packageProductDependencies = (
			);
			productName = LoginExcerise;
			productReference = 087D65452DBEF63400A915F6 /* LoginExcerise.app */;
			productType = "com.apple.product-type.application";
		};
		087D65512DBEF63700A915F6 /* LoginExceriseTests */ = {
			isa = PBXNativeTarget;
			buildConfigurationList = 087D65692DBEF63700A915F6 /* Build configuration list for PBXNativeTarget "LoginExceriseTests" */;
			buildPhases = (
				087D654E2DBEF63700A915F6 /* Sources */,
				087D654F2DBEF63700A915F6 /* Frameworks */,
				087D65502DBEF63700A915F6 /* Resources */,
			);
			buildRules = (
			);
			dependencies = (
				087D65542DBEF63700A915F6 /* PBXTargetDependency */,
			);
			fileSystemSynchronizedGroups = (
				087D65552DBEF63700A915F6 /* LoginExceriseTests */,
			);
			name = LoginExceriseTests;
			packageProductDependencies = (
			);
			productName = LoginExceriseTests;
			productReference = 087D65522DBEF63700A915F6 /* LoginExceriseTests.xctest */;
			productType = "com.apple.product-type.bundle.unit-test";
		};
		087D655B2DBEF63700A915F6 /* LoginExceriseUITests */ = {
			isa = PBXNativeTarget;
			buildConfigurationList = 087D656C2DBEF63700A915F6 /* Build configuration list for PBXNativeTarget "LoginExceriseUITests" */;
			buildPhases = (
				087D65582DBEF63700A915F6 /* Sources */,
				087D65592DBEF63700A915F6 /* Frameworks */,
				087D655A2DBEF63700A915F6 /* Resources */,
			);
			buildRules = (
			);
			dependencies = (
				087D655E2DBEF63700A915F6 /* PBXTargetDependency */,
			);
			fileSystemSynchronizedGroups = (
				087D655F2DBEF63700A915F6 /* LoginExceriseUITests */,
			);
			name = LoginExceriseUITests;
			packageProductDependencies = (
			);
			productName = LoginExceriseUITests;
			productReference = 087D655C2DBEF63700A915F6 /* LoginExceriseUITests.xctest */;
			productType = "com.apple.product-type.bundle.ui-testing";
		};
/* End PBXNativeTarget section */

/* Begin PBXProject section */
		087D653D2DBEF63400A915F6 /* Project object */ = {
			isa = PBXProject;
			attributes = {
				BuildIndependentTargetsInParallel = 1;
				LastSwiftUpdateCheck = 1630;
				LastUpgradeCheck = 1630;
				TargetAttributes = {
					087D65442DBEF63400A915F6 = {
						CreatedOnToolsVersion = 16.3;
					};
					087D65512DBEF63700A915F6 = {
						CreatedOnToolsVersion = 16.3;
						TestTargetID = 087D65442DBEF63400A915F6;
					};
					087D655B2DBEF63700A915F6 = {
						CreatedOnToolsVersion = 16.3;
						TestTargetID = 087D65442DBEF63400A915F6;
					};
				};
			};
			buildConfigurationList = 087D65402DBEF63400A915F6 /* Build configuration list for PBXProject "LoginExcerise" */;
			developmentRegion = en;
			hasScannedForEncodings = 0;
			knownRegions = (
				en,
				Base,
			);
			mainGroup = 087D653C2DBEF63400A915F6;
			minimizedProjectReferenceProxies = 1;
			preferredProjectObjectVersion = 77;
			productRefGroup = 087D65462DBEF63400A915F6 /* Products */;
			projectDirPath = "";
			projectRoot = "";
			targets = (
				087D65442DBEF63400A915F6 /* LoginExcerise */,
				087D65512DBEF63700A915F6 /* LoginExceriseTests */,
				087D655B2DBEF63700A915F6 /* LoginExceriseUITests */,
			);
		};
/* End PBXProject section */

/* Begin PBXResourcesBuildPhase section */
		087D65432DBEF63400A915F6 /* Resources */ = {
			isa = PBXResourcesBuildPhase;
			buildActionMask = 2147483647;
			files = (
			);
			runOnlyForDeploymentPostprocessing = 0;
		};
		087D65502DBEF63700A915F6 /* Resources */ = {
			isa = PBXResourcesBuildPhase;
			buildActionMask = 2147483647;
			files = (
			);
			runOnlyForDeploymentPostprocessing = 0;
		};
		087D655A2DBEF63700A915F6 /* Resources */ = {
			isa = PBXResourcesBuildPhase;
			buildActionMask = 2147483647;
			files = (
			);
			runOnlyForDeploymentPostprocessing = 0;
		};
/* End PBXResourcesBuildPhase section */

/* Begin PBXSourcesBuildPhase section */
		087D65412DBEF63400A915F6 /* Sources */ = {
			isa = PBXSourcesBuildPhase;
			buildActionMask = 2147483647;
			files = (
			);
			runOnlyForDeploymentPostprocessing = 0;
		};
		087D654E2DBEF63700A915F6 /* Sources */ = {
			isa = PBXSourcesBuildPhase;
			buildActionMask = 2147483647;
			files = (
			);
			runOnlyForDeploymentPostprocessing = 0;
		};
		087D65582DBEF63700A915F6 /* Sources */ = {
			isa = PBXSourcesBuildPhase;
			buildActionMask = 2147483647;
			files = (
			);
			runOnlyForDeploymentPostprocessing = 0;
		};
/* End PBXSourcesBuildPhase section */

/* Begin PBXTargetDependency section */
		087D65542DBEF63700A915F6 /* PBXTargetDependency */ = {
			isa = PBXTargetDependency;
			target = 087D65442DBEF63400A915F6 /* LoginExcerise */;
			targetProxy = 087D65532DBEF63700A915F6 /* PBXContainerItemProxy */;
		};
		087D655E2DBEF63700A915F6 /* PBXTargetDependency */ = {
			isa = PBXTargetDependency;
			target = 087D65442DBEF63400A915F6 /* LoginExcerise */;
			targetProxy = 087D655D2DBEF63700A915F6 /* PBXContainerItemProxy */;
		};
/* End PBXTargetDependency section */

/* Begin XCBuildConfiguration section */
		087D65642DBEF63700A915F6 /* Debug */ = {
			isa = XCBuildConfiguration;
			buildSettings = {
				ALWAYS_SEARCH_USER_PATHS = NO;
				ASSETCATALOG_COMPILER_GENERATE_SWIFT_ASSET_SYMBOL_EXTENSIONS = YES;
				CLANG_ANALYZER_NONNULL = YES;
				CLANG_ANALYZER_NUMBER_OBJECT_CONVERSION = YES_AGGRESSIVE;
				CLANG_CXX_LANGUAGE_STANDARD = "gnu++20";
				CLANG_ENABLE_MODULES = YES;
				CLANG_ENABLE_OBJC_ARC = YES;
				CLANG_ENABLE_OBJC_WEAK = YES;
				CLANG_WARN_BLOCK_CAPTURE_AUTORELEASING = YES;
				CLANG_WARN_BOOL_CONVERSION = YES;
				CLANG_WARN_COMMA = YES;
				CLANG_WARN_CONSTANT_CONVERSION = YES;
				CLANG_WARN_DEPRECATED_OBJC_IMPLEMENTATIONS = YES;
				CLANG_WARN_DIRECT_OBJC_ISA_USAGE = YES_ERROR;
				CLANG_WARN_DOCUMENTATION_COMMENTS = YES;
				CLANG_WARN_EMPTY_BODY = YES;
				CLANG_WARN_ENUM_CONVERSION = YES;
				CLANG_WARN_INFINITE_RECURSION = YES;
				CLANG_WARN_INT_CONVERSION = YES;
				CLANG_WARN_NON_LITERAL_NULL_CONVERSION = YES;
				CLANG_WARN_OBJC_IMPLICIT_RETAIN_SELF = YES;
				CLANG_WARN_OBJC_LITERAL_CONVERSION = YES;
				CLANG_WARN_OBJC_ROOT_CLASS = YES_ERROR;
				CLANG_WARN_QUOTED_INCLUDE_IN_FRAMEWORK_HEADER = YES;
				CLANG_WARN_RANGE_LOOP_ANALYSIS = YES;
				CLANG_WARN_STRICT_PROTOTYPES = YES;
				CLANG_WARN_SUSPICIOUS_MOVE = YES;
				CLANG_WARN_UNGUARDED_AVAILABILITY = YES_AGGRESSIVE;
				CLANG_WARN_UNREACHABLE_CODE = YES;
				CLANG_WARN__DUPLICATE_METHOD_MATCH = YES;
				COPY_PHASE_STRIP = NO;
				DEBUG_INFORMATION_FORMAT = dwarf;
				ENABLE_STRICT_OBJC_MSGSEND = YES;
				ENABLE_TESTABILITY = YES;
				ENABLE_USER_SCRIPT_SANDBOXING = YES;
				GCC_C_LANGUAGE_STANDARD = gnu17;
				GCC_DYNAMIC_NO_PIC = NO;
				GCC_NO_COMMON_BLOCKS = YES;
				GCC_OPTIMIZATION_LEVEL = 0;
				GCC_PREPROCESSOR_DEFINITIONS = (
					"DEBUG=1",
					"$(inherited)",
				);
				GCC_WARN_64_TO_32_BIT_CONVERSION = YES;
				GCC_WARN_ABOUT_RETURN_TYPE = YES_ERROR;
				GCC_WARN_UNDECLARED_SELECTOR = YES;
				GCC_WARN_UNINITIALIZED_AUTOS = YES_AGGRESSIVE;
				GCC_WARN_UNUSED_FUNCTION = YES;
				GCC_WARN_UNUSED_VARIABLE = YES;
				IPHONEOS_DEPLOYMENT_TARGET = 18.4;
				LOCALIZATION_PREFERS_STRING_CATALOGS = YES;
				MTL_ENABLE_DEBUG_INFO = INCLUDE_SOURCE;
				MTL_FAST_MATH = YES;
				ONLY_ACTIVE_ARCH = YES;
				SDKROOT = iphoneos;
				SWIFT_ACTIVE_COMPILATION_CONDITIONS = "DEBUG $(inherited)";
				SWIFT_OPTIMIZATION_LEVEL = "-Onone";
			};
			name = Debug;
		};
		087D65652DBEF63700A915F6 /* Release */ = {
			isa = XCBuildConfiguration;
			buildSettings = {
				ALWAYS_SEARCH_USER_PATHS = NO;
				ASSETCATALOG_COMPILER_GENERATE_SWIFT_ASSET_SYMBOL_EXTENSIONS = YES;
				CLANG_ANALYZER_NONNULL = YES;
				CLANG_ANALYZER_NUMBER_OBJECT_CONVERSION = YES_AGGRESSIVE;
				CLANG_CXX_LANGUAGE_STANDARD = "gnu++20";
				CLANG_ENABLE_MODULES = YES;
				CLANG_ENABLE_OBJC_ARC = YES;
				CLANG_ENABLE_OBJC_WEAK = YES;
				CLANG_WARN_BLOCK_CAPTURE_AUTORELEASING = YES;
				CLANG_WARN_BOOL_CONVERSION = YES;
				CLANG_WARN_COMMA = YES;
				CLANG_WARN_CONSTANT_CONVERSION = YES;
				CLANG_WARN_DEPRECATED_OBJC_IMPLEMENTATIONS = YES;
				CLANG_WARN_DIRECT_OBJC_ISA_USAGE = YES_ERROR;
				CLANG_WARN_DOCUMENTATION_COMMENTS = YES;
				CLANG_WARN_EMPTY_BODY = YES;
				CLANG_WARN_ENUM_CONVERSION = YES;
				CLANG_WARN_INFINITE_RECURSION = YES;
				CLANG_WARN_INT_CONVERSION = YES;
				CLANG_WARN_NON_LITERAL_NULL_CONVERSION = YES;
				CLANG_WARN_OBJC_IMPLICIT_RETAIN_SELF = YES;
				CLANG_WARN_OBJC_LITERAL_CONVERSION = YES;
				CLANG_WARN_OBJC_ROOT_CLASS = YES_ERROR;
				CLANG_WARN_QUOTED_INCLUDE_IN_FRAMEWORK_HEADER = YES;
				CLANG_WARN_RANGE_LOOP_ANALYSIS = YES;
				CLANG_WARN_STRICT_PROTOTYPES = YES;
				CLANG_WARN_SUSPICIOUS_MOVE = YES;
				CLANG_WARN_UNGUARDED_AVAILABILITY = YES_AGGRESSIVE;
				CLANG_WARN_UNREACHABLE_CODE = YES;
				CLANG_WARN__DUPLICATE_METHOD_MATCH = YES;
				COPY_PHASE_STRIP = NO;
				DEBUG_INFORMATION_FORMAT = "dwarf-with-dsym";
				ENABLE_NS_ASSERTIONS = NO;
				ENABLE_STRICT_OBJC_MSGSEND = YES;
				ENABLE_USER_SCRIPT_SANDBOXING = YES;
				GCC_C_LANGUAGE_STANDARD = gnu17;
				GCC_NO_COMMON_BLOCKS = YES;
				GCC_WARN_64_TO_32_BIT_CONVERSION = YES;
				GCC_WARN_ABOUT_RETURN_TYPE = YES_ERROR;
				GCC_WARN_UNDECLARED_SELECTOR = YES;
				GCC_WARN_UNINITIALIZED_AUTOS = YES_AGGRESSIVE;
				GCC_WARN_UNUSED_FUNCTION = YES;
				GCC_WARN_UNUSED_VARIABLE = YES;
				IPHONEOS_DEPLOYMENT_TARGET = 18.4;
				LOCALIZATION_PREFERS_STRING_CATALOGS = YES;
				MTL_ENABLE_DEBUG_INFO = NO;
				MTL_FAST_MATH = YES;
				SDKROOT = iphoneos;
				SWIFT_COMPILATION_MODE = wholemodule;
				VALIDATE_PRODUCT = YES;
			};
			name = Release;
		};
		087D65672DBEF63700A915F6 /* Debug */ = {
			isa = XCBuildConfiguration;
			buildSettings = {
				ASSETCATALOG_COMPILER_APPICON_NAME = AppIcon;
				ASSETCATALOG_COMPILER_GLOBAL_ACCENT_COLOR_NAME = AccentColor;
				CODE_SIGN_STYLE = Automatic;
				CURRENT_PROJECT_VERSION = 1;
				ENABLE_PREVIEWS = YES;
				GENERATE_INFOPLIST_FILE = YES;
				INFOPLIST_KEY_UIApplicationSceneManifest_Generation = YES;
				INFOPLIST_KEY_UIApplicationSupportsIndirectInputEvents = YES;
				INFOPLIST_KEY_UILaunchScreen_Generation = YES;
				INFOPLIST_KEY_UISupportedInterfaceOrientations_iPad = "UIInterfaceOrientationPortrait UIInterfaceOrientationPortraitUpsideDown UIInterfaceOrientationLandscapeLeft UIInterfaceOrientationLandscapeRight";
				INFOPLIST_KEY_UISupportedInterfaceOrientations_iPhone = "UIInterfaceOrientationPortrait UIInterfaceOrientationLandscapeLeft UIInterfaceOrientationLandscapeRight";
				LD_RUNPATH_SEARCH_PATHS = (
					"$(inherited)",
					"@executable_path/Frameworks",
				);
				MARKETING_VERSION = 1.0;
				PRODUCT_BUNDLE_IDENTIFIER = JoseGarcia.LoginExcerise;
				PRODUCT_NAME = "$(TARGET_NAME)";
				SWIFT_EMIT_LOC_STRINGS = YES;
				SWIFT_VERSION = 5.0;
				TARGETED_DEVICE_FAMILY = "1,2";
			};
			name = Debug;
		};
		087D65682DBEF63700A915F6 /* Release */ = {
			isa = XCBuildConfiguration;
			buildSettings = {
				ASSETCATALOG_COMPILER_APPICON_NAME = AppIcon;
				ASSETCATALOG_COMPILER_GLOBAL_ACCENT_COLOR_NAME = AccentColor;
				CODE_SIGN_STYLE = Automatic;
				CURRENT_PROJECT_VERSION = 1;
				ENABLE_PREVIEWS = YES;
				GENERATE_INFOPLIST_FILE = YES;
				INFOPLIST_KEY_UIApplicationSceneManifest_Generation = YES;
				INFOPLIST_KEY_UIApplicationSupportsIndirectInputEvents = YES;
				INFOPLIST_KEY_UILaunchScreen_Generation = YES;
				INFOPLIST_KEY_UISupportedInterfaceOrientations_iPad = "UIInterfaceOrientationPortrait UIInterfaceOrientationPortraitUpsideDown UIInterfaceOrientationLandscapeLeft UIInterfaceOrientationLandscapeRight";
				INFOPLIST_KEY_UISupportedInterfaceOrientations_iPhone = "UIInterfaceOrientationPortrait UIInterfaceOrientationLandscapeLeft UIInterfaceOrientationLandscapeRight";
				LD_RUNPATH_SEARCH_PATHS = (
					"$(inherited)",
					"@executable_path/Frameworks",
				);
				MARKETING_VERSION = 1.0;
				PRODUCT_BUNDLE_IDENTIFIER = JoseGarcia.LoginExcerise;
				PRODUCT_NAME = "$(TARGET_NAME)";
				SWIFT_EMIT_LOC_STRINGS = YES;
				SWIFT_VERSION = 5.0;
				TARGETED_DEVICE_FAMILY = "1,2";
			};
			name = Release;
		};
		087D656A2DBEF63700A915F6 /* Debug */ = {
			isa = XCBuildConfiguration;
			buildSettings = {
				BUNDLE_LOADER = "$(TEST_HOST)";
				CODE_SIGN_STYLE = Automatic;
				CURRENT_PROJECT_VERSION = 1;
				GENERATE_INFOPLIST_FILE = YES;
				IPHONEOS_DEPLOYMENT_TARGET = 18.4;
				MARKETING_VERSION = 1.0;
				PRODUCT_BUNDLE_IDENTIFIER = JoseGarcia.LoginExceriseTests;
				PRODUCT_NAME = "$(TARGET_NAME)";
				SWIFT_EMIT_LOC_STRINGS = NO;
				SWIFT_VERSION = 5.0;
				TARGETED_DEVICE_FAMILY = "1,2";
				TEST_HOST = "$(BUILT_PRODUCTS_DIR)/LoginExcerise.app/$(BUNDLE_EXECUTABLE_FOLDER_PATH)/LoginExcerise";
			};
			name = Debug;
		};
		087D656B2DBEF63700A915F6 /* Release */ = {
			isa = XCBuildConfiguration;
			buildSettings = {
				BUNDLE_LOADER = "$(TEST_HOST)";
				CODE_SIGN_STYLE = Automatic;
				CURRENT_PROJECT_VERSION = 1;
				GENERATE_INFOPLIST_FILE = YES;
				IPHONEOS_DEPLOYMENT_TARGET = 18.4;
				MARKETING_VERSION = 1.0;
				PRODUCT_BUNDLE_IDENTIFIER = JoseGarcia.LoginExceriseTests;
				PRODUCT_NAME = "$(TARGET_NAME)";
				SWIFT_EMIT_LOC_STRINGS = NO;
				SWIFT_VERSION = 5.0;
				TARGETED_DEVICE_FAMILY = "1,2";
				TEST_HOST = "$(BUILT_PRODUCTS_DIR)/LoginExcerise.app/$(BUNDLE_EXECUTABLE_FOLDER_PATH)/LoginExcerise";
			};
			name = Release;
		};
		087D656D2DBEF63700A915F6 /* Debug */ = {
			isa = XCBuildConfiguration;
			buildSettings = {
				CODE_SIGN_STYLE = Automatic;
				CURRENT_PROJECT_VERSION = 1;
				GENERATE_INFOPLIST_FILE = YES;
				MARKETING_VERSION = 1.0;
				PRODUCT_BUNDLE_IDENTIFIER = JoseGarcia.LoginExceriseUITests;
				PRODUCT_NAME = "$(TARGET_NAME)";
				SWIFT_EMIT_LOC_STRINGS = NO;
				SWIFT_VERSION = 5.0;
				TARGETED_DEVICE_FAMILY = "1,2";
				TEST_TARGET_NAME = LoginExcerise;
			};
			name = Debug;
		};
		087D656E2DBEF63700A915F6 /* Release */ = {
			isa = XCBuildConfiguration;
			buildSettings = {
				CODE_SIGN_STYLE = Automatic;
				CURRENT_PROJECT_VERSION = 1;
				GENERATE_INFOPLIST_FILE = YES;
				MARKETING_VERSION = 1.0;
				PRODUCT_BUNDLE_IDENTIFIER = JoseGarcia.LoginExceriseUITests;
				PRODUCT_NAME = "$(TARGET_NAME)";
				SWIFT_EMIT_LOC_STRINGS = NO;
				SWIFT_VERSION = 5.0;
				TARGETED_DEVICE_FAMILY = "1,2";
				TEST_TARGET_NAME = LoginExcerise;
			};
			name = Release;
		};
/* End XCBuildConfiguration section */

/* Begin XCConfigurationList section */
		087D65402DBEF63400A915F6 /* Build configuration list for PBXProject "LoginExcerise" */ = {
			isa = XCConfigurationList;
			buildConfigurations = (
				087D65642DBEF63700A915F6 /* Debug */,
				087D65652DBEF63700A915F6 /* Release */,
			);
			defaultConfigurationIsVisible = 0;
			defaultConfigurationName = Release;
		};
		087D65662DBEF63700A915F6 /* Build configuration list for PBXNativeTarget "LoginExcerise" */ = {
			isa = XCConfigurationList;
			buildConfigurations = (
				087D65672DBEF63700A915F6 /* Debug */,
				087D65682DBEF63700A915F6 /* Release */,
			);
			defaultConfigurationIsVisible = 0;
			defaultConfigurationName = Release;
		};
		087D65692DBEF63700A915F6 /* Build configuration list for PBXNativeTarget "LoginExceriseTests" */ = {
			isa = XCConfigurationList;
			buildConfigurations = (
				087D656A2DBEF63700A915F6 /* Debug */,
				087D656B2DBEF63700A915F6 /* Release */,
			);
			defaultConfigurationIsVisible = 0;
			defaultConfigurationName = Release;
		};
		087D656C2DBEF63700A915F6 /* Build configuration list for PBXNativeTarget "LoginExceriseUITests" */ = {
			isa = XCConfigurationList;
			buildConfigurations = (
				087D656D2DBEF63700A915F6 /* Debug */,
				087D656E2DBEF63700A915F6 /* Release */,
			);
			defaultConfigurationIsVisible = 0;
			defaultConfigurationName = Release;
		};
/* End XCConfigurationList section */
	};
	rootObject = 087D653D2DBEF63400A915F6 /* Project object */;
}
